
Microsoft Visual Studio Solution File, Format Version 12.00
# Visual Studio Version 17
VisualStudioVersion = 17.14.36408.4 d17.14
MinimumVisualStudioVersion = 10.0.40219.1
Project("{FAE04EC0-301F-11D3-BF4B-00C04F79EFBC}") = "HUDv1Project-BenF", "HUDv1Project-BenF\HUDv1Project-BenF.csproj", "{5E980FD2-ECA1-4239-B256-2785FFEAF50D}"
EndProject
Global
	GlobalSection(SolutionConfigurationPlatforms) = preSolution
		Debug|Any CPU = Debug|Any CPU
		Release|Any CPU = Release|Any CPU
	EndGlobalSection
	GlobalSection(ProjectConfigurationPlatforms) = postSolution
		{5E980FD2-ECA1-4239-B256-2785FFEAF50D}.Debug|Any CPU.ActiveCfg = Debug|Any CPU
		{5E980FD2-ECA1-4239-B256-2785FFEAF50D}.Debug|Any CPU.Build.0 = Debug|Any CPU
		{5E980FD2-ECA1-4239-B256-2785FFEAF50D}.Release|Any CPU.ActiveCfg = Release|Any CPU
		{5E980FD2-ECA1-4239-B256-2785FFEAF50D}.Release|Any CPU.Build.0 = Release|Any CPU
	EndGlobalSection
	GlobalSection(SolutionProperties) = preSolution
		HideSolutionNode = FALSE
	EndGlobalSection
	GlobalSection(ExtensibilityGlobals) = postSolution
		SolutionGuid = {EB79BDFA-1DAE-4911-ADD5-83459B90BEA1}
	EndGlobalSection
EndGlobal
